
Microsoft Visual Studio Solution File, Format Version 12.00
# Visual Studio Version 17
VisualStudioVersion = 17.11.35222.181
MinimumVisualStudioVersion = 10.0.40219.1
Project("{2150E333-8FDC-42A3-9474-1A3956D46DE8}") = "BackEnd", "BackEnd", "{BDC028B4-14B8-45E9-B87B-2F22FDFEA82D}"
EndProject
Project("{2150E333-8FDC-42A3-9474-1A3956D46DE8}") = "FrontEnd", "FrontEnd", "{2BF1CD7A-B22E-4A40-A945-93C5504FB618}"
EndProject
Project("{9A19103F-16F7-4668-BE54-9A1E7A4F7556}") = "MedicalAppointmentApp.Domain", "MedicalAppointmentApp.Domain\MedicalAppointmentApp.Domain.csproj", "{B9268CFA-A4DA-40CF-B22D-63EEAE5BD603}"
EndProject
Project("{9A19103F-16F7-4668-BE54-9A1E7A4F7556}") = "MedicalAppointmentApp.Persistance", "MedicalAppointmentApp.Persistance\MedicalAppointmentApp.Persistance.csproj", "{D3C0A7FB-82A1-4557-B996-E365C838E6A1}"
EndProject
Project("{9A19103F-16F7-4668-BE54-9A1E7A4F7556}") = "MedicalAppointmentApp.Infraestructure", "MedicalAppointmentApp.Infraestructure\MedicalAppointmentApp.Infraestructure.csproj", "{1434A61A-5B38-4B55-963C-5032D1ABD046}"
EndProject
Project("{2150E333-8FDC-42A3-9474-1A3956D46DE8}") = "a", "a", "{6361E5DD-2035-49AE-87DF-9428732A4DC9}"
EndProject
Project("{2150E333-8FDC-42A3-9474-1A3956D46DE8}") = "MedicalAppointmentApp", "MedicalAppointmentApp", "{B2D8EDFD-548B-44F5-8939-6434C2A64B27}"
	ProjectSection(SolutionItems) = preProject
		Class1.cs = Class1.cs
	EndProjectSection
EndProject
Global
	GlobalSection(SolutionConfigurationPlatforms) = preSolution
		Debug|Any CPU = Debug|Any CPU
		Release|Any CPU = Release|Any CPU
	EndGlobalSection
	GlobalSection(ProjectConfigurationPlatforms) = postSolution
		{B9268CFA-A4DA-40CF-B22D-63EEAE5BD603}.Debug|Any CPU.ActiveCfg = Debug|Any CPU
		{B9268CFA-A4DA-40CF-B22D-63EEAE5BD603}.Debug|Any CPU.Build.0 = Debug|Any CPU
		{B9268CFA-A4DA-40CF-B22D-63EEAE5BD603}.Release|Any CPU.ActiveCfg = Release|Any CPU
		{B9268CFA-A4DA-40CF-B22D-63EEAE5BD603}.Release|Any CPU.Build.0 = Release|Any CPU
		{D3C0A7FB-82A1-4557-B996-E365C838E6A1}.Debug|Any CPU.ActiveCfg = Debug|Any CPU
		{D3C0A7FB-82A1-4557-B996-E365C838E6A1}.Debug|Any CPU.Build.0 = Debug|Any CPU
		{D3C0A7FB-82A1-4557-B996-E365C838E6A1}.Release|Any CPU.ActiveCfg = Release|Any CPU
		{D3C0A7FB-82A1-4557-B996-E365C838E6A1}.Release|Any CPU.Build.0 = Release|Any CPU
		{1434A61A-5B38-4B55-963C-5032D1ABD046}.Debug|Any CPU.ActiveCfg = Debug|Any CPU
		{1434A61A-5B38-4B55-963C-5032D1ABD046}.Debug|Any CPU.Build.0 = Debug|Any CPU
		{1434A61A-5B38-4B55-963C-5032D1ABD046}.Release|Any CPU.ActiveCfg = Release|Any CPU
		{1434A61A-5B38-4B55-963C-5032D1ABD046}.Release|Any CPU.Build.0 = Release|Any CPU
	EndGlobalSection
	GlobalSection(SolutionProperties) = preSolution
		HideSolutionNode = FALSE
	EndGlobalSection
	GlobalSection(NestedProjects) = preSolution
		{B9268CFA-A4DA-40CF-B22D-63EEAE5BD603} = {BDC028B4-14B8-45E9-B87B-2F22FDFEA82D}
		{D3C0A7FB-82A1-4557-B996-E365C838E6A1} = {BDC028B4-14B8-45E9-B87B-2F22FDFEA82D}
		{1434A61A-5B38-4B55-963C-5032D1ABD046} = {BDC028B4-14B8-45E9-B87B-2F22FDFEA82D}
		{6361E5DD-2035-49AE-87DF-9428732A4DC9} = {2BF1CD7A-B22E-4A40-A945-93C5504FB618}
		{B2D8EDFD-548B-44F5-8939-6434C2A64B27} = {BDC028B4-14B8-45E9-B87B-2F22FDFEA82D}
	EndGlobalSection
	GlobalSection(ExtensibilityGlobals) = postSolution
		SolutionGuid = {FBCAA1BB-59A5-4618-88C5-96B0FD77DDFC}
	EndGlobalSection
EndGlobal
